
Microsoft Visual Studio Solution File, Format Version 12.00
# Visual Studio Version 16
VisualStudioVersion = 16.0.30128.74
MinimumVisualStudioVersion = 10.0.40219.1
Project("{FAE04EC0-301F-11D3-BF4B-00C04F79EFBC}") = "AudioInstantReplay", "AudioInstantReplay\AudioInstantReplay.csproj", "{0868CB26-9E58-46D7-AE9D-9DAD43D98F67}"
EndProject
Global
	GlobalSection(SolutionConfigurationPlatforms) = preSolution
		Debug|Any CPU = Debug|Any CPU
		Release|Any CPU = Release|Any CPU
	EndGlobalSection
	GlobalSection(ProjectConfigurationPlatforms) = postSolution
		{0868CB26-9E58-46D7-AE9D-9DAD43D98F67}.Debug|Any CPU.ActiveCfg = Debug|Any CPU
		{0868CB26-9E58-46D7-AE9D-9DAD43D98F67}.Debug|Any CPU.Build.0 = Debug|Any CPU
		{0868CB26-9E58-46D7-AE9D-9DAD43D98F67}.Release|Any CPU.ActiveCfg = Release|Any CPU
		{0868CB26-9E58-46D7-AE9D-9DAD43D98F67}.Release|Any CPU.Build.0 = Release|Any CPU
	EndGlobalSection
	GlobalSection(SolutionProperties) = preSolution
		HideSolutionNode = FALSE
	EndGlobalSection
	GlobalSection(ExtensibilityGlobals) = postSolution
		SolutionGuid = {2150BAF0-BE07-4633-82B6-7817A6410110}
	EndGlobalSection
EndGlobal
